// !$*UTF8*$!
{
	archiveVersion = 1;
	classes = {
	};
	objectVersion = 50;
	objects = {

/* Begin PBXBuildFile section */
		1CA5583E260E012D00CA33BB /* AppDelegate.swift in Sources */ = {isa = PBXBuildFile; fileRef = 1CA5583D260E012D00CA33BB /* AppDelegate.swift */; };
		1CA55840260E012D00CA33BB /* SceneDelegate.swift in Sources */ = {isa = PBXBuildFile; fileRef = 1CA5583F260E012D00CA33BB /* SceneDelegate.swift */; };
		1CA55842260E012D00CA33BB /* ViewController.swift in Sources */ = {isa = PBXBuildFile; fileRef = 1CA55841260E012D00CA33BB /* ViewController.swift */; };
		1CA55845260E012D00CA33BB /* Main.storyboard in Resources */ = {isa = PBXBuildFile; fileRef = 1CA55843260E012D00CA33BB /* Main.storyboard */; };
		1CA55847260E012E00CA33BB /* Assets.xcassets in Resources */ = {isa = PBXBuildFile; fileRef = 1CA55846260E012E00CA33BB /* Assets.xcassets */; };
		1CA5584A260E012E00CA33BB /* LaunchScreen.storyboard in Resources */ = {isa = PBXBuildFile; fileRef = 1CA55848260E012E00CA33BB /* LaunchScreen.storyboard */; };
		1CA55855260E012E00CA33BB /* BookscannerTests.swift in Sources */ = {isa = PBXBuildFile; fileRef = 1CA55854260E012E00CA33BB /* BookscannerTests.swift */; };
		1CA55860260E012F00CA33BB /* BookscannerUITests.swift in Sources */ = {isa = PBXBuildFile; fileRef = 1CA5585F260E012F00CA33BB /* BookscannerUITests.swift */; };
/* End PBXBuildFile section */

/* Begin PBXContainerItemProxy section */
		1CA55851260E012E00CA33BB /* PBXContainerItemProxy */ = {
			isa = PBXContainerItemProxy;
			containerPortal = 1CA55832260E012C00CA33BB /* Project object */;
			proxyType = 1;
			remoteGlobalIDString = 1CA55839260E012D00CA33BB;
			remoteInfo = Bookscanner;
		};
		1CA5585C260E012E00CA33BB /* PBXContainerItemProxy */ = {
			isa = PBXContainerItemProxy;
			containerPortal = 1CA55832260E012C00CA33BB /* Project object */;
			proxyType = 1;
			remoteGlobalIDString = 1CA55839260E012D00CA33BB;
			remoteInfo = Bookscanner;
		};
/* End PBXContainerItemProxy section */

/* Begin PBXFileReference section */
		1CA5583A260E012D00CA33BB /* Bookscanner.app */ = {isa = PBXFileReference; explicitFileType = wrapper.application; includeInIndex = 0; path = Bookscanner.app; sourceTree = BUILT_PRODUCTS_DIR; };
		1CA5583D260E012D00CA33BB /* AppDelegate.swift */ = {isa = PBXFileReference; lastKnownFileType = sourcecode.swift; path = AppDelegate.swift; sourceTree = "<group>"; };
		1CA5583F260E012D00CA33BB /* SceneDelegate.swift */ = {isa = PBXFileReference; lastKnownFileType = sourcecode.swift; path = SceneDelegate.swift; sourceTree = "<group>"; };
		1CA55841260E012D00CA33BB /* ViewController.swift */ = {isa = PBXFileReference; lastKnownFileType = sourcecode.swift; path = ViewController.swift; sourceTree = "<group>"; };
		1CA55844260E012D00CA33BB /* Base */ = {isa = PBXFileReference; lastKnownFileType = file.storyboard; name = Base; path = Base.lproj/Main.storyboard; sourceTree = "<group>"; };
		1CA55846260E012E00CA33BB /* Assets.xcassets */ = {isa = PBXFileReference; lastKnownFileType = folder.assetcatalog; path = Assets.xcassets; sourceTree = "<group>"; };
		1CA55849260E012E00CA33BB /* Base */ = {isa = PBXFileReference; lastKnownFileType = file.storyboard; name = Base; path = Base.lproj/LaunchScreen.storyboard; sourceTree = "<group>"; };
		1CA5584B260E012E00CA33BB /* Info.plist */ = {isa = PBXFileReference; lastKnownFileType = text.plist.xml; path = Info.plist; sourceTree = "<group>"; };
		1CA55850260E012E00CA33BB /* BookscannerTests.xctest */ = {isa = PBXFileReference; explicitFileType = wrapper.cfbundle; includeInIndex = 0; path = BookscannerTests.xctest; sourceTree = BUILT_PRODUCTS_DIR; };
		1CA55854260E012E00CA33BB /* BookscannerTests.swift */ = {isa = PBXFileReference; lastKnownFileType = sourcecode.swift; path = BookscannerTests.swift; sourceTree = "<group>"; };
		1CA55856260E012E00CA33BB /* Info.plist */ = {isa = PBXFileReference; lastKnownFileType = text.plist.xml; path = Info.plist; sourceTree = "<group>"; };
		1CA5585B260E012E00CA33BB /* BookscannerUITests.xctest */ = {isa = PBXFileReference; explicitFileType = wrapper.cfbundle; includeInIndex = 0; path = BookscannerUITests.xctest; sourceTree = BUILT_PRODUCTS_DIR; };
		1CA5585F260E012F00CA33BB /* BookscannerUITests.swift */ = {isa = PBXFileReference; lastKnownFileType = sourcecode.swift; path = BookscannerUITests.swift; sourceTree = "<group>"; };
		1CA55861260E012F00CA33BB /* Info.plist */ = {isa = PBXFileReference; lastKnownFileType = text.plist.xml; path = Info.plist; sourceTree = "<group>"; };
/* End PBXFileReference section */

/* Begin PBXFrameworksBuildPhase section */
		1CA55837260E012D00CA33BB /* Frameworks */ = {
			isa = PBXFrameworksBuildPhase;
			buildActionMask = 2147483647;
			files = (
			);
			runOnlyForDeploymentPostprocessing = 0;
		};
		1CA5584D260E012E00CA33BB /* Frameworks */ = {
			isa = PBXFrameworksBuildPhase;
			buildActionMask = 2147483647;
			files = (
			);
			runOnlyForDeploymentPostprocessing = 0;
		};
		1CA55858260E012E00CA33BB /* Frameworks */ = {
			isa = PBXFrameworksBuildPhase;
			buildActionMask = 2147483647;
			files = (
			);
			runOnlyForDeploymentPostprocessing = 0;
		};
/* End PBXFrameworksBuildPhase section */

/* Begin PBXGroup section */
		1CA55831260E012C00CA33BB = {
			isa = PBXGroup;
			children = (
				1CA5583C260E012D00CA33BB /* Bookscanner */,
				1CA55853260E012E00CA33BB /* BookscannerTests */,
				1CA5585E260E012F00CA33BB /* BookscannerUITests */,
				1CA5583B260E012D00CA33BB /* Products */,
			);
			sourceTree = "<group>";
		};
		1CA5583B260E012D00CA33BB /* Products */ = {
			isa = PBXGroup;
			children = (
				1CA5583A260E012D00CA33BB /* Bookscanner.app */,
				1CA55850260E012E00CA33BB /* BookscannerTests.xctest */,
				1CA5585B260E012E00CA33BB /* BookscannerUITests.xctest */,
			);
			name = Products;
			sourceTree = "<group>";
		};
		1CA5583C260E012D00CA33BB /* Bookscanner */ = {
			isa = PBXGroup;
			children = (
				1CA5583D260E012D00CA33BB /* AppDelegate.swift */,
				1CA5583F260E012D00CA33BB /* SceneDelegate.swift */,
				1CA55841260E012D00CA33BB /* ViewController.swift */,
				1CA55843260E012D00CA33BB /* Main.storyboard */,
				1CA55846260E012E00CA33BB /* Assets.xcassets */,
				1CA55848260E012E00CA33BB /* LaunchScreen.storyboard */,
				1CA5584B260E012E00CA33BB /* Info.plist */,
			);
			path = Bookscanner;
			sourceTree = "<group>";
		};
		1CA55853260E012E00CA33BB /* BookscannerTests */ = {
			isa = PBXGroup;
			children = (
				1CA55854260E012E00CA33BB /* BookscannerTests.swift */,
				1CA55856260E012E00CA33BB /* Info.plist */,
			);
			path = BookscannerTests;
			sourceTree = "<group>";
		};
		1CA5585E260E012F00CA33BB /* BookscannerUITests */ = {
			isa = PBXGroup;
			children = (
				1CA5585F260E012F00CA33BB /* BookscannerUITests.swift */,
				1CA55861260E012F00CA33BB /* Info.plist */,
			);
			path = BookscannerUITests;
			sourceTree = "<group>";
		};
/* End PBXGroup section */

/* Begin PBXNativeTarget section */
		1CA55839260E012D00CA33BB /* Bookscanner */ = {
			isa = PBXNativeTarget;
			buildConfigurationList = 1CA55864260E012F00CA33BB /* Build configuration list for PBXNativeTarget "Bookscanner" */;
			buildPhases = (
				1CA55836260E012D00CA33BB /* Sources */,
				1CA55837260E012D00CA33BB /* Frameworks */,
				1CA55838260E012D00CA33BB /* Resources */,
			);
			buildRules = (
			);
			dependencies = (
			);
			name = Bookscanner;
			productName = Bookscanner;
			productReference = 1CA5583A260E012D00CA33BB /* Bookscanner.app */;
			productType = "com.apple.product-type.application";
		};
		1CA5584F260E012E00CA33BB /* BookscannerTests */ = {
			isa = PBXNativeTarget;
			buildConfigurationList = 1CA55867260E012F00CA33BB /* Build configuration list for PBXNativeTarget "BookscannerTests" */;
			buildPhases = (
				1CA5584C260E012E00CA33BB /* Sources */,
				1CA5584D260E012E00CA33BB /* Frameworks */,
				1CA5584E260E012E00CA33BB /* Resources */,
			);
			buildRules = (
			);
			dependencies = (
				1CA55852260E012E00CA33BB /* PBXTargetDependency */,
			);
			name = BookscannerTests;
			productName = BookscannerTests;
			productReference = 1CA55850260E012E00CA33BB /* BookscannerTests.xctest */;
			productType = "com.apple.product-type.bundle.unit-test";
		};
		1CA5585A260E012E00CA33BB /* BookscannerUITests */ = {
			isa = PBXNativeTarget;
			buildConfigurationList = 1CA5586A260E012F00CA33BB /* Build configuration list for PBXNativeTarget "BookscannerUITests" */;
			buildPhases = (
				1CA55857260E012E00CA33BB /* Sources */,
				1CA55858260E012E00CA33BB /* Frameworks */,
				1CA55859260E012E00CA33BB /* Resources */,
			);
			buildRules = (
			);
			dependencies = (
				1CA5585D260E012E00CA33BB /* PBXTargetDependency */,
			);
			name = BookscannerUITests;
			productName = BookscannerUITests;
			productReference = 1CA5585B260E012E00CA33BB /* BookscannerUITests.xctest */;
			productType = "com.apple.product-type.bundle.ui-testing";
		};
/* End PBXNativeTarget section */

/* Begin PBXProject section */
		1CA55832260E012C00CA33BB /* Project object */ = {
			isa = PBXProject;
			attributes = {
				LastSwiftUpdateCheck = 1240;
				LastUpgradeCheck = 1240;
				TargetAttributes = {
					1CA55839260E012D00CA33BB = {
						CreatedOnToolsVersion = 12.4;
					};
					1CA5584F260E012E00CA33BB = {
						CreatedOnToolsVersion = 12.4;
						TestTargetID = 1CA55839260E012D00CA33BB;
					};
					1CA5585A260E012E00CA33BB = {
						CreatedOnToolsVersion = 12.4;
						TestTargetID = 1CA55839260E012D00CA33BB;
					};
				};
			};
			buildConfigurationList = 1CA55835260E012C00CA33BB /* Build configuration list for PBXProject "Bookscanner" */;
			compatibilityVersion = "Xcode 9.3";
			developmentRegion = en;
			hasScannedForEncodings = 0;
			knownRegions = (
				en,
				Base,
			);
			mainGroup = 1CA55831260E012C00CA33BB;
			productRefGroup = 1CA5583B260E012D00CA33BB /* Products */;
			projectDirPath = "";
			projectRoot = "";
			targets = (
				1CA55839260E012D00CA33BB /* Bookscanner */,
				1CA5584F260E012E00CA33BB /* BookscannerTests */,
				1CA5585A260E012E00CA33BB /* BookscannerUITests */,
			);
		};
/* End PBXProject section */

/* Begin PBXResourcesBuildPhase section */
		1CA55838260E012D00CA33BB /* Resources */ = {
			isa = PBXResourcesBuildPhase;
			buildActionMask = 2147483647;
			files = (
				1CA5584A260E012E00CA33BB /* LaunchScreen.storyboard in Resources */,
				1CA55847260E012E00CA33BB /* Assets.xcassets in Resources */,
				1CA55845260E012D00CA33BB /* Main.storyboard in Resources */,
			);
			runOnlyForDeploymentPostprocessing = 0;
		};
		1CA5584E260E012E00CA33BB /* Resources */ = {
			isa = PBXResourcesBuildPhase;
			buildActionMask = 2147483647;
			files = (
			);
			runOnlyForDeploymentPostprocessing = 0;
		};
		1CA55859260E012E00CA33BB /* Resources */ = {
			isa = PBXResourcesBuildPhase;
			buildActionMask = 2147483647;
			files = (
			);
			runOnlyForDeploymentPostprocessing = 0;
		};
/* End PBXResourcesBuildPhase section */

/* Begin PBXSourcesBuildPhase section */
		1CA55836260E012D00CA33BB /* Sources */ = {
			isa = PBXSourcesBuildPhase;
			buildActionMask = 2147483647;
			files = (
				1CA55842260E012D00CA33BB /* ViewController.swift in Sources */,
				1CA5583E260E012D00CA33BB /* AppDelegate.swift in Sources */,
				1CA55840260E012D00CA33BB /* SceneDelegate.swift in Sources */,
			);
			runOnlyForDeploymentPostprocessing = 0;
		};
		1CA5584C260E012E00CA33BB /* Sources */ = {
			isa = PBXSourcesBuildPhase;
			buildActionMask = 2147483647;
			files = (
				1CA55855260E012E00CA33BB /* BookscannerTests.swift in Sources */,
			);
			runOnlyForDeploymentPostprocessing = 0;
		};
		1CA55857260E012E00CA33BB /* Sources */ = {
			isa = PBXSourcesBuildPhase;
			buildActionMask = 2147483647;
			files = (
				1CA55860260E012F00CA33BB /* BookscannerUITests.swift in Sources */,
			);
			runOnlyForDeploymentPostprocessing = 0;
		};
/* End PBXSourcesBuildPhase section */

/* Begin PBXTargetDependency section */
		1CA55852260E012E00CA33BB /* PBXTargetDependency */ = {
			isa = PBXTargetDependency;
			target = 1CA55839260E012D00CA33BB /* Bookscanner */;
			targetProxy = 1CA55851260E012E00CA33BB /* PBXContainerItemProxy */;
		};
		1CA5585D260E012E00CA33BB /* PBXTargetDependency */ = {
			isa = PBXTargetDependency;
			target = 1CA55839260E012D00CA33BB /* Bookscanner */;
			targetProxy = 1CA5585C260E012E00CA33BB /* PBXContainerItemProxy */;
		};
/* End PBXTargetDependency section */

/* Begin PBXVariantGroup section */
		1CA55843260E012D00CA33BB /* Main.storyboard */ = {
			isa = PBXVariantGroup;
			children = (
				1CA55844260E012D00CA33BB /* Base */,
			);
			name = Main.storyboard;
			sourceTree = "<group>";
		};
		1CA55848260E012E00CA33BB /* LaunchScreen.storyboard */ = {
			isa = PBXVariantGroup;
			children = (
				1CA55849260E012E00CA33BB /* Base */,
			);
			name = LaunchScreen.storyboard;
			sourceTree = "<group>";
		};
/* End PBXVariantGroup section */

/* Begin XCBuildConfiguration section */
		1CA55862260E012F00CA33BB /* Debug */ = {
			isa = XCBuildConfiguration;
			buildSettings = {
				ALWAYS_SEARCH_USER_PATHS = NO;
				CLANG_ANALYZER_NONNULL = YES;
				CLANG_ANALYZER_NUMBER_OBJECT_CONVERSION = YES_AGGRESSIVE;
				CLANG_CXX_LANGUAGE_STANDARD = "gnu++14";
				CLANG_CXX_LIBRARY = "libc++";
				CLANG_ENABLE_MODULES = YES;
				CLANG_ENABLE_OBJC_ARC = YES;
				CLANG_ENABLE_OBJC_WEAK = YES;
				CLANG_WARN_BLOCK_CAPTURE_AUTORELEASING = YES;
				CLANG_WARN_BOOL_CONVERSION = YES;
				CLANG_WARN_COMMA = YES;
				CLANG_WARN_CONSTANT_CONVERSION = YES;
				CLANG_WARN_DEPRECATED_OBJC_IMPLEMENTATIONS = YES;
				CLANG_WARN_DIRECT_OBJC_ISA_USAGE = YES_ERROR;
				CLANG_WARN_DOCUMENTATION_COMMENTS = YES;
				CLANG_WARN_EMPTY_BODY = YES;
				CLANG_WARN_ENUM_CONVERSION = YES;
				CLANG_WARN_INFINITE_RECURSION = YES;
				CLANG_WARN_INT_CONVERSION = YES;
				CLANG_WARN_NON_LITERAL_NULL_CONVERSION = YES;
				CLANG_WARN_OBJC_IMPLICIT_RETAIN_SELF = YES;
				CLANG_WARN_OBJC_LITERAL_CONVERSION = YES;
				CLANG_WARN_OBJC_ROOT_CLASS = YES_ERROR;
				CLANG_WARN_QUOTED_INCLUDE_IN_FRAMEWORK_HEADER = YES;
				CLANG_WARN_RANGE_LOOP_ANALYSIS = YES;
				CLANG_WARN_STRICT_PROTOTYPES = YES;
				CLANG_WARN_SUSPICIOUS_MOVE = YES;
				CLANG_WARN_UNGUARDED_AVAILABILITY = YES_AGGRESSIVE;
				CLANG_WARN_UNREACHABLE_CODE = YES;
				CLANG_WARN__DUPLICATE_METHOD_MATCH = YES;
				COPY_PHASE_STRIP = NO;
				DEBUG_INFORMATION_FORMAT = dwarf;
				ENABLE_STRICT_OBJC_MSGSEND = YES;
				ENABLE_TESTABILITY = YES;
				GCC_C_LANGUAGE_STANDARD = gnu11;
				GCC_DYNAMIC_NO_PIC = NO;
				GCC_NO_COMMON_BLOCKS = YES;
				GCC_OPTIMIZATION_LEVEL = 0;
				GCC_PREPROCESSOR_DEFINITIONS = (
					"DEBUG=1",
					"$(inherited)",
				);
				GCC_WARN_64_TO_32_BIT_CONVERSION = YES;
				GCC_WARN_ABOUT_RETURN_TYPE = YES_ERROR;
				GCC_WARN_UNDECLARED_SELECTOR = YES;
				GCC_WARN_UNINITIALIZED_AUTOS = YES_AGGRESSIVE;
				GCC_WARN_UNUSED_FUNCTION = YES;
				GCC_WARN_UNUSED_VARIABLE = YES;
				IPHONEOS_DEPLOYMENT_TARGET = 14.4;
				MTL_ENABLE_DEBUG_INFO = INCLUDE_SOURCE;
				MTL_FAST_MATH = YES;
				ONLY_ACTIVE_ARCH = YES;
				SDKROOT = iphoneos;
				SWIFT_ACTIVE_COMPILATION_CONDITIONS = DEBUG;
				SWIFT_OPTIMIZATION_LEVEL = "-Onone";
			};
			name = Debug;
		};
		1CA55863260E012F00CA33BB /* Release */ = {
			isa = XCBuildConfiguration;
			buildSettings = {
				ALWAYS_SEARCH_USER_PATHS = NO;
				CLANG_ANALYZER_NONNULL = YES;
				CLANG_ANALYZER_NUMBER_OBJECT_CONVERSION = YES_AGGRESSIVE;
				CLANG_CXX_LANGUAGE_STANDARD = "gnu++14";
				CLANG_CXX_LIBRARY = "libc++";
				CLANG_ENABLE_MODULES = YES;
				CLANG_ENABLE_OBJC_ARC = YES;
				CLANG_ENABLE_OBJC_WEAK = YES;
				CLANG_WARN_BLOCK_CAPTURE_AUTORELEASING = YES;
				CLANG_WARN_BOOL_CONVERSION = YES;
				CLANG_WARN_COMMA = YES;
				CLANG_WARN_CONSTANT_CONVERSION = YES;
				CLANG_WARN_DEPRECATED_OBJC_IMPLEMENTATIONS = YES;
				CLANG_WARN_DIRECT_OBJC_ISA_USAGE = YES_ERROR;
				CLANG_WARN_DOCUMENTATION_COMMENTS = YES;
				CLANG_WARN_EMPTY_BODY = YES;
				CLANG_WARN_ENUM_CONVERSION = YES;
				CLANG_WARN_INFINITE_RECURSION = YES;
				CLANG_WARN_INT_CONVERSION = YES;
				CLANG_WARN_NON_LITERAL_NULL_CONVERSION = YES;
				CLANG_WARN_OBJC_IMPLICIT_RETAIN_SELF = YES;
				CLANG_WARN_OBJC_LITERAL_CONVERSION = YES;
				CLANG_WARN_OBJC_ROOT_CLASS = YES_ERROR;
				CLANG_WARN_QUOTED_INCLUDE_IN_FRAMEWORK_HEADER = YES;
				CLANG_WARN_RANGE_LOOP_ANALYSIS = YES;
				CLANG_WARN_STRICT_PROTOTYPES = YES;
				CLANG_WARN_SUSPICIOUS_MOVE = YES;
				CLANG_WARN_UNGUARDED_AVAILABILITY = YES_AGGRESSIVE;
				CLANG_WARN_UNREACHABLE_CODE = YES;
				CLANG_WARN__DUPLICATE_METHOD_MATCH = YES;
				COPY_PHASE_STRIP = NO;
				DEBUG_INFORMATION_FORMAT = "dwarf-with-dsym";
				ENABLE_NS_ASSERTIONS = NO;
				ENABLE_STRICT_OBJC_MSGSEND = YES;
				GCC_C_LANGUAGE_STANDARD = gnu11;
				GCC_NO_COMMON_BLOCKS = YES;
				GCC_WARN_64_TO_32_BIT_CONVERSION = YES;
				GCC_WARN_ABOUT_RETURN_TYPE = YES_ERROR;
				GCC_WARN_UNDECLARED_SELECTOR = YES;
				GCC_WARN_UNINITIALIZED_AUTOS = YES_AGGRESSIVE;
				GCC_WARN_UNUSED_FUNCTION = YES;
				GCC_WARN_UNUSED_VARIABLE = YES;
				IPHONEOS_DEPLOYMENT_TARGET = 14.4;
				MTL_ENABLE_DEBUG_INFO = NO;
				MTL_FAST_MATH = YES;
				SDKROOT = iphoneos;
				SWIFT_COMPILATION_MODE = wholemodule;
				SWIFT_OPTIMIZATION_LEVEL = "-O";
				VALIDATE_PRODUCT = YES;
			};
			name = Release;
		};
		1CA55865260E012F00CA33BB /* Debug */ = {
			isa = XCBuildConfiguration;
			buildSettings = {
				ASSETCATALOG_COMPILER_APPICON_NAME = AppIcon;
				ASSETCATALOG_COMPILER_GLOBAL_ACCENT_COLOR_NAME = AccentColor;
				CODE_SIGN_STYLE = Automatic;
				DEVELOPMENT_TEAM = JS5JAXY9DB;
				INFOPLIST_FILE = Bookscanner/Info.plist;
				LD_RUNPATH_SEARCH_PATHS = (
					"$(inherited)",
					"@executable_path/Frameworks",
				);
				PRODUCT_BUNDLE_IDENTIFIER = bytecode.nl.bookscanner;
				PRODUCT_NAME = "$(TARGET_NAME)";
				SWIFT_VERSION = 5.0;
				TARGETED_DEVICE_FAMILY = "1,2";
			};
			name = Debug;
		};
		1CA55866260E012F00CA33BB /* Release */ = {
			isa = XCBuildConfiguration;
			buildSettings = {
				ASSETCATALOG_COMPILER_APPICON_NAME = AppIcon;
				ASSETCATALOG_COMPILER_GLOBAL_ACCENT_COLOR_NAME = AccentColor;
				CODE_SIGN_STYLE = Automatic;
				DEVELOPMENT_TEAM = JS5JAXY9DB;
				INFOPLIST_FILE = Bookscanner/Info.plist;
				LD_RUNPATH_SEARCH_PATHS = (
					"$(inherited)",
					"@executable_path/Frameworks",
				);
				PRODUCT_BUNDLE_IDENTIFIER = bytecode.nl.bookscanner;
				PRODUCT_NAME = "$(TARGET_NAME)";
				SWIFT_VERSION = 5.0;
				TARGETED_DEVICE_FAMILY = "1,2";
			};
			name = Release;
		};
		1CA55868260E012F00CA33BB /* Debug */ = {
			isa = XCBuildConfiguration;
			buildSettings = {
				ALWAYS_EMBED_SWIFT_STANDARD_LIBRARIES = YES;
				BUNDLE_LOADER = "$(TEST_HOST)";
				CODE_SIGN_STYLE = Automatic;
				DEVELOPMENT_TEAM = JS5JAXY9DB;
				INFOPLIST_FILE = BookscannerTests/Info.plist;
				IPHONEOS_DEPLOYMENT_TARGET = 14.4;
				LD_RUNPATH_SEARCH_PATHS = (
					"$(inherited)",
					"@executable_path/Frameworks",
					"@loader_path/Frameworks",
				);
				PRODUCT_BUNDLE_IDENTIFIER = bytecode.nl.BookscannerTests;
				PRODUCT_NAME = "$(TARGET_NAME)";
				SWIFT_VERSION = 5.0;
				TARGETED_DEVICE_FAMILY = "1,2";
				TEST_HOST = "$(BUILT_PRODUCTS_DIR)/Bookscanner.app/Bookscanner";
			};
			name = Debug;
		};
		1CA55869260E012F00CA33BB /* Release */ = {
			isa = XCBuildConfiguration;
			buildSettings = {
				ALWAYS_EMBED_SWIFT_STANDARD_LIBRARIES = YES;
				BUNDLE_LOADER = "$(TEST_HOST)";
				CODE_SIGN_STYLE = Automatic;
				DEVELOPMENT_TEAM = JS5JAXY9DB;
				INFOPLIST_FILE = BookscannerTests/Info.plist;
				IPHONEOS_DEPLOYMENT_TARGET = 14.4;
				LD_RUNPATH_SEARCH_PATHS = (
					"$(inherited)",
					"@executable_path/Frameworks",
					"@loader_path/Frameworks",
				);
				PRODUCT_BUNDLE_IDENTIFIER = bytecode.nl.BookscannerTests;
				PRODUCT_NAME = "$(TARGET_NAME)";
				SWIFT_VERSION = 5.0;
				TARGETED_DEVICE_FAMILY = "1,2";
				TEST_HOST = "$(BUILT_PRODUCTS_DIR)/Bookscanner.app/Bookscanner";
			};
			name = Release;
		};
		1CA5586B260E012F00CA33BB /* Debug */ = {
			isa = XCBuildConfiguration;
			buildSettings = {
				ALWAYS_EMBED_SWIFT_STANDARD_LIBRARIES = YES;
				CODE_SIGN_STYLE = Automatic;
				DEVELOPMENT_TEAM = JS5JAXY9DB;
				INFOPLIST_FILE = BookscannerUITests/Info.plist;
				LD_RUNPATH_SEARCH_PATHS = (
					"$(inherited)",
					"@executable_path/Frameworks",
					"@loader_path/Frameworks",
				);
				PRODUCT_BUNDLE_IDENTIFIER = bytecode.nl.BookscannerUITests;
				PRODUCT_NAME = "$(TARGET_NAME)";
				SWIFT_VERSION = 5.0;
				TARGETED_DEVICE_FAMILY = "1,2";
				TEST_TARGET_NAME = Bookscanner;
			};
			name = Debug;
		};
		1CA5586C260E012F00CA33BB /* Release */ = {
			isa = XCBuildConfiguration;
			buildSettings = {
				ALWAYS_EMBED_SWIFT_STANDARD_LIBRARIES = YES;
				CODE_SIGN_STYLE = Automatic;
				DEVELOPMENT_TEAM = JS5JAXY9DB;
				INFOPLIST_FILE = BookscannerUITests/Info.plist;
				LD_RUNPATH_SEARCH_PATHS = (
					"$(inherited)",
					"@executable_path/Frameworks",
					"@loader_path/Frameworks",
				);
				PRODUCT_BUNDLE_IDENTIFIER = bytecode.nl.BookscannerUITests;
				PRODUCT_NAME = "$(TARGET_NAME)";
				SWIFT_VERSION = 5.0;
				TARGETED_DEVICE_FAMILY = "1,2";
				TEST_TARGET_NAME = Bookscanner;
			};
			name = Release;
		};
/* End XCBuildConfiguration section */

/* Begin XCConfigurationList section */
		1CA55835260E012C00CA33BB /* Build configuration list for PBXProject "Bookscanner" */ = {
			isa = XCConfigurationList;
			buildConfigurations = (
				1CA55862260E012F00CA33BB /* Debug */,
				1CA55863260E012F00CA33BB /* Release */,
			);
			defaultConfigurationIsVisible = 0;
			defaultConfigurationName = Release;
		};
		1CA55864260E012F00CA33BB /* Build configuration list for PBXNativeTarget "Bookscanner" */ = {
			isa = XCConfigurationList;
			buildConfigurations = (
				1CA55865260E012F00CA33BB /* Debug */,
				1CA55866260E012F00CA33BB /* Release */,
			);
			defaultConfigurationIsVisible = 0;
			defaultConfigurationName = Release;
		};
		1CA55867260E012F00CA33BB /* Build configuration list for PBXNativeTarget "BookscannerTests" */ = {
			isa = XCConfigurationList;
			buildConfigurations = (
				1CA55868260E012F00CA33BB /* Debug */,
				1CA55869260E012F00CA33BB /* Release */,
			);
			defaultConfigurationIsVisible = 0;
			defaultConfigurationName = Release;
		};
		1CA5586A260E012F00CA33BB /* Build configuration list for PBXNativeTarget "BookscannerUITests" */ = {
			isa = XCConfigurationList;
			buildConfigurations = (
				1CA5586B260E012F00CA33BB /* Debug */,
				1CA5586C260E012F00CA33BB /* Release */,
			);
			defaultConfigurationIsVisible = 0;
			defaultConfigurationName = Release;
		};
/* End XCConfigurationList section */
	};
	rootObject = 1CA55832260E012C00CA33BB /* Project object */;
}
